
Microsoft Visual Studio Solution File, Format Version 12.00
# Visual Studio 2012
# SharpDevelop 5.1
VisualStudioVersion = 12.0.31101.0
MinimumVisualStudioVersion = 10.0.40219.1
Project("{FAE04EC0-301F-11D3-BF4B-00C04F79EFBC}") = "MariGold.Data.Database", "MariGold.Data.Database\MariGold.Data.Database.csproj", "{FC902008-9566-4010-87BC-289FB21FE80D}"
EndProject
Project("{FAE04EC0-301F-11D3-BF4B-00C04F79EFBC}") = "MariGold.Data.Database.Tests", "MariGold.Data.Database.Tests\MariGold.Data.Database.Tests.csproj", "{42394E66-E4CC-42E0-AD62-14B8FB22036F}"
EndProject
Global
	GlobalSection(SolutionConfigurationPlatforms) = preSolution
		Debug|Any CPU = Debug|Any CPU
		Release|Any CPU = Release|Any CPU
	EndGlobalSection
	GlobalSection(ProjectConfigurationPlatforms) = postSolution
		{FC902008-9566-4010-87BC-289FB21FE80D}.Debug|Any CPU.ActiveCfg = Debug|Any CPU
		{FC902008-9566-4010-87BC-289FB21FE80D}.Debug|Any CPU.Build.0 = Debug|Any CPU
		{FC902008-9566-4010-87BC-289FB21FE80D}.Release|Any CPU.ActiveCfg = Release|Any CPU
		{FC902008-9566-4010-87BC-289FB21FE80D}.Release|Any CPU.Build.0 = Release|Any CPU
		{42394E66-E4CC-42E0-AD62-14B8FB22036F}.Debug|Any CPU.ActiveCfg = Debug|Any CPU
		{42394E66-E4CC-42E0-AD62-14B8FB22036F}.Debug|Any CPU.Build.0 = Debug|Any CPU
		{42394E66-E4CC-42E0-AD62-14B8FB22036F}.Release|Any CPU.ActiveCfg = Release|Any CPU
		{42394E66-E4CC-42E0-AD62-14B8FB22036F}.Release|Any CPU.Build.0 = Release|Any CPU
	EndGlobalSection
	GlobalSection(SolutionProperties) = preSolution
		HideSolutionNode = FALSE
	EndGlobalSection
EndGlobal
